PODS:
  - Alamofire (5.2.1)
  - BSErrorMessageView (1.1)
  - DynamicBlurView (4.1.0)
  - Flutter (1.0.0)
  - flutter_ravepay (0.0.1):
    - Flutter
    - RaveSDK
  - IQKeyboardManagerSwift (6.5.6)
  - KVNProgress (2.3.5)
  - lottie-ios (3.0.7)
  - PopupDialog (1.1.1):
    - DynamicBlurView (~> 4.0)
  - RaveSDK (2.1.1):
    - Alamofire (= 5.2.1)
    - IQKeyboardManagerSwift
    - lottie-ios (~> 3.0.2)
  - Shimmer (1.0.2)
  - SwiftValidator (4.0.0)

DEPENDENCIES:
  - Alamofire
  - BSErrorMessageView (from `https://github.com/BenjaminSarkisyan/BSErrorMessageView.git`)
  - Flutter (from `Flutter`)
  - flutter_ravepay (from `.symlinks/plugins/flutter_ravepay/ios`)
  - IQKeyboardManagerSwift
  - KVNProgress (~> 2.3.1)
  - PopupDialog
  - Shimmer
  - SwiftValidator (from `https://github.com/jpotts18/SwiftValidator.git`, branch `master`)

SPEC REPOS:
  trunk:
    - Alamofire
    - DynamicBlurView
    - IQKeyboardManagerSwift
    - KVNProgress
    - lottie-ios
    - PopupDialog
    - RaveSDK
    - Shimmer

EXTERNAL SOURCES:
  BSErrorMessageView:
    :git: https://github.com/BenjaminSarkisyan/BSErrorMessageView.git
  Flutter:
    :path: Flutter
  flutter_ravepay:
    :path: ".symlinks/plugins/flutter_ravepay/ios"
  SwiftValidator:
    :branch: master
    :git: https://github.com/jpotts18/SwiftValidator.git

CHECKOUT OPTIONS:
  BSErrorMessageView:
    :commit: e1523069939ac597f9b7a9c615d718f89c071b49
    :git: https://github.com/BenjaminSarkisyan/BSErrorMessageView.git
  SwiftValidator:
    :commit: d370353b7a0ce758a53b189c81e485dcd53c99a4
    :git: https://github.com/jpotts18/SwiftValidator.git

SPEC CHECKSUMS:
  Alamofire: e911732990610fe89af59ac0077f923d72dc3dfd
  BSErrorMessageView: 67cc7d172995fbc6df602c2b8923f48121ddf7a9
  DynamicBlurView: 58e18fae80bb614e34681a4486870e7d257b62e8
  Flutter: 0e3d915762c693b495b44d77113d4970485de6ec
  flutter_ravepay: 8a9bbc52698a2305fbb9596162d1a4086d2a532c
  IQKeyboardManagerSwift: c7df9d2deb356c04522f5c4b7b6e4ce4d8ed94fe
  KVNProgress: d7046cce142f1aeb740db39dc3cacfe910fac354
  lottie-ios: c38c3178ae8c4a8f200661aa5f80b9f1ca7f56b3
  PopupDialog: 720c92befd8bc23c13442254945213db5612f149
  RaveSDK: 99799ed880ca0638767aeeaac7013da6277012af
  Shimmer: c5374be1c2b0c9e292fb05b339a513cf291cac86
  SwiftValidator: 249b6b3ae3b294266c5b9de134d94f18f2d5aa47

PODFILE CHECKSUM: accbb475e1bc8f2c9644d8cb33220530a0510777

COCOAPODS: 1.9.3
